
Microsoft Visual Studio Solution File, Format Version 12.00
# Visual Studio Version 17
VisualStudioVersion = 17.5.002.0
MinimumVisualStudioVersion = 10.0.40219.1
Project("{9A19103F-16F7-4668-BE54-9A1E7A4F7556}") = "Task1", "Task1\Task1.csproj", "{D72484CC-BE61-4A1C-A2B8-42FCF30B91C4}"
EndProject
Project("{9A19103F-16F7-4668-BE54-9A1E7A4F7556}") = "Task2", "Task2\Task2.csproj", "{030FA3CE-E0AB-447E-9EF6-1922138CD972}"
EndProject
Global
	GlobalSection(SolutionConfigurationPlatforms) = preSolution
		Debug|Any CPU = Debug|Any CPU
		Release|Any CPU = Release|Any CPU
	EndGlobalSection
	GlobalSection(ProjectConfigurationPlatforms) = postSolution
		{D72484CC-BE61-4A1C-A2B8-42FCF30B91C4}.Debug|Any CPU.ActiveCfg = Debug|Any CPU
		{D72484CC-BE61-4A1C-A2B8-42FCF30B91C4}.Debug|Any CPU.Build.0 = Debug|Any CPU
		{D72484CC-BE61-4A1C-A2B8-42FCF30B91C4}.Release|Any CPU.ActiveCfg = Release|Any CPU
		{D72484CC-BE61-4A1C-A2B8-42FCF30B91C4}.Release|Any CPU.Build.0 = Release|Any CPU
		{030FA3CE-E0AB-447E-9EF6-1922138CD972}.Debug|Any CPU.ActiveCfg = Debug|Any CPU
		{030FA3CE-E0AB-447E-9EF6-1922138CD972}.Debug|Any CPU.Build.0 = Debug|Any CPU
		{030FA3CE-E0AB-447E-9EF6-1922138CD972}.Release|Any CPU.ActiveCfg = Release|Any CPU
		{030FA3CE-E0AB-447E-9EF6-1922138CD972}.Release|Any CPU.Build.0 = Release|Any CPU
	EndGlobalSection
	GlobalSection(SolutionProperties) = preSolution
		HideSolutionNode = FALSE
	EndGlobalSection
	GlobalSection(ExtensibilityGlobals) = postSolution
		SolutionGuid = {6C8045D9-940A-4E6D-929D-5A5DC4A68600}
	EndGlobalSection
EndGlobal
